
Microsoft Visual Studio Solution File, Format Version 12.00
# Visual Studio 15
VisualStudioVersion = 15.0.28010.2048
MinimumVisualStudioVersion = 10.0.40219.1
Project("{FAE04EC0-301F-11D3-BF4B-00C04F79EFBC}") = "Lands.Android", "Lands\Lands.Android\Lands.Android.csproj", "{5E4D8871-BD51-44C3-AA56-6CFC237B979C}"
EndProject
Project("{FAE04EC0-301F-11D3-BF4B-00C04F79EFBC}") = "Lands.iOS", "Lands\Lands.iOS\Lands.iOS.csproj", "{71461C73-DE17-4C7A-8476-4CA987F99CAC}"
EndProject
Project("{FAE04EC0-301F-11D3-BF4B-00C04F79EFBC}") = "Lands", "Lands\Lands\Lands.csproj", "{D0A84F3D-4065-471F-8E60-6BD963937C82}"
EndProject
Global
	GlobalSection(SolutionConfigurationPlatforms) = preSolution
		Ad-Hoc|Any CPU = Ad-Hoc|Any CPU
		Ad-Hoc|iPhone = Ad-Hoc|iPhone
		Ad-Hoc|iPhoneSimulator = Ad-Hoc|iPhoneSimulator
		AppStore|Any CPU = AppStore|Any CPU
		AppStore|iPhone = AppStore|iPhone
		AppStore|iPhoneSimulator = AppStore|iPhoneSimulator
		Debug|Any CPU = Debug|Any CPU
		Debug|iPhone = Debug|iPhone
		Debug|iPhoneSimulator = Debug|iPhoneSimulator
		Release|Any CPU = Release|Any CPU
		Release|iPhone = Release|iPhone
		Release|iPhoneSimulator = Release|iPhoneSimulator
	EndGlobalSection
	GlobalSection(ProjectConfigurationPlatforms) = postSolution
		{5E4D8871-BD51-44C3-AA56-6CFC237B979C}.Ad-Hoc|Any CPU.ActiveCfg = Release|Any CPU
		{5E4D8871-BD51-44C3-AA56-6CFC237B979C}.Ad-Hoc|Any CPU.Build.0 = Release|Any CPU
		{5E4D8871-BD51-44C3-AA56-6CFC237B979C}.Ad-Hoc|Any CPU.Deploy.0 = Release|Any CPU
		{5E4D8871-BD51-44C3-AA56-6CFC237B979C}.Ad-Hoc|iPhone.ActiveCfg = Release|Any CPU
		{5E4D8871-BD51-44C3-AA56-6CFC237B979C}.Ad-Hoc|iPhone.Build.0 = Release|Any CPU
		{5E4D8871-BD51-44C3-AA56-6CFC237B979C}.Ad-Hoc|iPhone.Deploy.0 = Release|Any CPU
		{5E4D8871-BD51-44C3-AA56-6CFC237B979C}.Ad-Hoc|iPhoneSimulator.ActiveCfg = Release|Any CPU
		{5E4D8871-BD51-44C3-AA56-6CFC237B979C}.Ad-Hoc|iPhoneSimulator.Build.0 = Release|Any CPU
		{5E4D8871-BD51-44C3-AA56-6CFC237B979C}.Ad-Hoc|iPhoneSimulator.Deploy.0 = Release|Any CPU
		{5E4D8871-BD51-44C3-AA56-6CFC237B979C}.AppStore|Any CPU.ActiveCfg = Release|Any CPU
		{5E4D8871-BD51-44C3-AA56-6CFC237B979C}.AppStore|Any CPU.Build.0 = Release|Any CPU
		{5E4D8871-BD51-44C3-AA56-6CFC237B979C}.AppStore|Any CPU.Deploy.0 = Release|Any CPU
		{5E4D8871-BD51-44C3-AA56-6CFC237B979C}.AppStore|iPhone.ActiveCfg = Release|Any CPU
		{5E4D8871-BD51-44C3-AA56-6CFC237B979C}.AppStore|iPhone.Build.0 = Release|Any CPU
		{5E4D8871-BD51-44C3-AA56-6CFC237B979C}.AppStore|iPhone.Deploy.0 = Release|Any CPU
		{5E4D8871-BD51-44C3-AA56-6CFC237B979C}.AppStore|iPhoneSimulator.ActiveCfg = Release|Any CPU
		{5E4D8871-BD51-44C3-AA56-6CFC237B979C}.AppStore|iPhoneSimulator.Build.0 = Release|Any CPU
		{5E4D8871-BD51-44C3-AA56-6CFC237B979C}.AppStore|iPhoneSimulator.Deploy.0 = Release|Any CPU
		{5E4D8871-BD51-44C3-AA56-6CFC237B979C}.Debug|Any CPU.ActiveCfg = Debug|Any CPU
		{5E4D8871-BD51-44C3-AA56-6CFC237B979C}.Debug|Any CPU.Build.0 = Debug|Any CPU
		{5E4D8871-BD51-44C3-AA56-6CFC237B979C}.Debug|Any CPU.Deploy.0 = Debug|Any CPU
		{5E4D8871-BD51-44C3-AA56-6CFC237B979C}.Debug|iPhone.ActiveCfg = Debug|Any CPU
		{5E4D8871-BD51-44C3-AA56-6CFC237B979C}.Debug|iPhone.Build.0 = Debug|Any CPU
		{5E4D8871-BD51-44C3-AA56-6CFC237B979C}.Debug|iPhone.Deploy.0 = Debug|Any CPU
		{5E4D8871-BD51-44C3-AA56-6CFC237B979C}.Debug|iPhoneSimulator.ActiveCfg = Debug|Any CPU
		{5E4D8871-BD51-44C3-AA56-6CFC237B979C}.Debug|iPhoneSimulator.Build.0 = Debug|Any CPU
		{5E4D8871-BD51-44C3-AA56-6CFC237B979C}.Debug|iPhoneSimulator.Deploy.0 = Debug|Any CPU
		{5E4D8871-BD51-44C3-AA56-6CFC237B979C}.Release|Any CPU.ActiveCfg = Release|Any CPU
		{5E4D8871-BD51-44C3-AA56-6CFC237B979C}.Release|Any CPU.Build.0 = Release|Any CPU
		{5E4D8871-BD51-44C3-AA56-6CFC237B979C}.Release|Any CPU.Deploy.0 = Release|Any CPU
		{5E4D8871-BD51-44C3-AA56-6CFC237B979C}.Release|iPhone.ActiveCfg = Release|Any CPU
		{5E4D8871-BD51-44C3-AA56-6CFC237B979C}.Release|iPhone.Build.0 = Release|Any CPU
		{5E4D8871-BD51-44C3-AA56-6CFC237B979C}.Release|iPhone.Deploy.0 = Release|Any CPU
		{5E4D8871-BD51-44C3-AA56-6CFC237B979C}.Release|iPhoneSimulator.ActiveCfg = Release|Any CPU
		{5E4D8871-BD51-44C3-AA56-6CFC237B979C}.Release|iPhoneSimulator.Build.0 = Release|Any CPU
		{5E4D8871-BD51-44C3-AA56-6CFC237B979C}.Release|iPhoneSimulator.Deploy.0 = Release|Any CPU
		{71461C73-DE17-4C7A-8476-4CA987F99CAC}.Ad-Hoc|Any CPU.ActiveCfg = Ad-Hoc|iPhone
		{71461C73-DE17-4C7A-8476-4CA987F99CAC}.Ad-Hoc|Any CPU.Build.0 = Ad-Hoc|iPhone
		{71461C73-DE17-4C7A-8476-4CA987F99CAC}.Ad-Hoc|Any CPU.Deploy.0 = Ad-Hoc|iPhone
		{71461C73-DE17-4C7A-8476-4CA987F99CAC}.Ad-Hoc|iPhone.ActiveCfg = Ad-Hoc|iPhone
		{71461C73-DE17-4C7A-8476-4CA987F99CAC}.Ad-Hoc|iPhone.Build.0 = Ad-Hoc|iPhone
		{71461C73-DE17-4C7A-8476-4CA987F99CAC}.Ad-Hoc|iPhone.Deploy.0 = Ad-Hoc|iPhone
		{71461C73-DE17-4C7A-8476-4CA987F99CAC}.Ad-Hoc|iPhoneSimulator.ActiveCfg = Ad-Hoc|iPhoneSimulator
		{71461C73-DE17-4C7A-8476-4CA987F99CAC}.Ad-Hoc|iPhoneSimulator.Build.0 = Ad-Hoc|iPhoneSimulator
		{71461C73-DE17-4C7A-8476-4CA987F99CAC}.Ad-Hoc|iPhoneSimulator.Deploy.0 = Ad-Hoc|iPhoneSimulator
		{71461C73-DE17-4C7A-8476-4CA987F99CAC}.AppStore|Any CPU.ActiveCfg = AppStore|iPhone
		{71461C73-DE17-4C7A-8476-4CA987F99CAC}.AppStore|Any CPU.Build.0 = AppStore|iPhone
		{71461C73-DE17-4C7A-8476-4CA987F99CAC}.AppStore|Any CPU.Deploy.0 = AppStore|iPhone
		{71461C73-DE17-4C7A-8476-4CA987F99CAC}.AppStore|iPhone.ActiveCfg = AppStore|iPhone
		{71461C73-DE17-4C7A-8476-4CA987F99CAC}.AppStore|iPhone.Build.0 = AppStore|iPhone
		{71461C73-DE17-4C7A-8476-4CA987F99CAC}.AppStore|iPhone.Deploy.0 = AppStore|iPhone
		{71461C73-DE17-4C7A-8476-4CA987F99CAC}.AppStore|iPhoneSimulator.ActiveCfg = AppStore|iPhoneSimulator
		{71461C73-DE17-4C7A-8476-4CA987F99CAC}.AppStore|iPhoneSimulator.Build.0 = AppStore|iPhoneSimulator
		{71461C73-DE17-4C7A-8476-4CA987F99CAC}.AppStore|iPhoneSimulator.Deploy.0 = AppStore|iPhoneSimulator
		{71461C73-DE17-4C7A-8476-4CA987F99CAC}.Debug|Any CPU.ActiveCfg = Debug|iPhoneSimulator
		{71461C73-DE17-4C7A-8476-4CA987F99CAC}.Debug|Any CPU.Build.0 = Debug|iPhoneSimulator
		{71461C73-DE17-4C7A-8476-4CA987F99CAC}.Debug|Any CPU.Deploy.0 = Debug|iPhoneSimulator
		{71461C73-DE17-4C7A-8476-4CA987F99CAC}.Debug|iPhone.ActiveCfg = Debug|iPhone
		{71461C73-DE17-4C7A-8476-4CA987F99CAC}.Debug|iPhone.Build.0 = Debug|iPhone
		{71461C73-DE17-4C7A-8476-4CA987F99CAC}.Debug|iPhone.Deploy.0 = Debug|iPhone
		{71461C73-DE17-4C7A-8476-4CA987F99CAC}.Debug|iPhoneSimulator.ActiveCfg = Debug|iPhoneSimulator
		{71461C73-DE17-4C7A-8476-4CA987F99CAC}.Debug|iPhoneSimulator.Build.0 = Debug|iPhoneSimulator
		{71461C73-DE17-4C7A-8476-4CA987F99CAC}.Debug|iPhoneSimulator.Deploy.0 = Debug|iPhoneSimulator
		{71461C73-DE17-4C7A-8476-4CA987F99CAC}.Release|Any CPU.ActiveCfg = Release|iPhone
		{71461C73-DE17-4C7A-8476-4CA987F99CAC}.Release|Any CPU.Build.0 = Release|iPhone
		{71461C73-DE17-4C7A-8476-4CA987F99CAC}.Release|Any CPU.Deploy.0 = Release|iPhone
		{71461C73-DE17-4C7A-8476-4CA987F99CAC}.Release|iPhone.ActiveCfg = Release|iPhone
		{71461C73-DE17-4C7A-8476-4CA987F99CAC}.Release|iPhone.Build.0 = Release|iPhone
		{71461C73-DE17-4C7A-8476-4CA987F99CAC}.Release|iPhone.Deploy.0 = Release|iPhone
		{71461C73-DE17-4C7A-8476-4CA987F99CAC}.Release|iPhoneSimulator.ActiveCfg = Release|iPhoneSimulator
		{71461C73-DE17-4C7A-8476-4CA987F99CAC}.Release|iPhoneSimulator.Build.0 = Release|iPhoneSimulator
		{71461C73-DE17-4C7A-8476-4CA987F99CAC}.Release|iPhoneSimulator.Deploy.0 = Release|iPhoneSimulator
		{D0A84F3D-4065-471F-8E60-6BD963937C82}.Ad-Hoc|Any CPU.ActiveCfg = Debug|Any CPU
		{D0A84F3D-4065-471F-8E60-6BD963937C82}.Ad-Hoc|Any CPU.Build.0 = Debug|Any CPU
		{D0A84F3D-4065-471F-8E60-6BD963937C82}.Ad-Hoc|Any CPU.Deploy.0 = Debug|Any CPU
		{D0A84F3D-4065-471F-8E60-6BD963937C82}.Ad-Hoc|iPhone.ActiveCfg = Debug|Any CPU
		{D0A84F3D-4065-471F-8E60-6BD963937C82}.Ad-Hoc|iPhone.Build.0 = Debug|Any CPU
		{D0A84F3D-4065-471F-8E60-6BD963937C82}.Ad-Hoc|iPhone.Deploy.0 = Debug|Any CPU
		{D0A84F3D-4065-471F-8E60-6BD963937C82}.Ad-Hoc|iPhoneSimulator.ActiveCfg = Debug|Any CPU
		{D0A84F3D-4065-471F-8E60-6BD963937C82}.Ad-Hoc|iPhoneSimulator.Build.0 = Debug|Any CPU
		{D0A84F3D-4065-471F-8E60-6BD963937C82}.Ad-Hoc|iPhoneSimulator.Deploy.0 = Debug|Any CPU
		{D0A84F3D-4065-471F-8E60-6BD963937C82}.AppStore|Any CPU.ActiveCfg = Debug|Any CPU
		{D0A84F3D-4065-471F-8E60-6BD963937C82}.AppStore|Any CPU.Build.0 = Debug|Any CPU
		{D0A84F3D-4065-471F-8E60-6BD963937C82}.AppStore|Any CPU.Deploy.0 = Debug|Any CPU
		{D0A84F3D-4065-471F-8E60-6BD963937C82}.AppStore|iPhone.ActiveCfg = Debug|Any CPU
		{D0A84F3D-4065-471F-8E60-6BD963937C82}.AppStore|iPhone.Build.0 = Debug|Any CPU
		{D0A84F3D-4065-471F-8E60-6BD963937C82}.AppStore|iPhone.Deploy.0 = Debug|Any CPU
		{D0A84F3D-4065-471F-8E60-6BD963937C82}.AppStore|iPhoneSimulator.ActiveCfg = Debug|Any CPU
		{D0A84F3D-4065-471F-8E60-6BD963937C82}.AppStore|iPhoneSimulator.Build.0 = Debug|Any CPU
		{D0A84F3D-4065-471F-8E60-6BD963937C82}.AppStore|iPhoneSimulator.Deploy.0 = Debug|Any CPU
		{D0A84F3D-4065-471F-8E60-6BD963937C82}.Debug|Any CPU.ActiveCfg = Debug|Any CPU
		{D0A84F3D-4065-471F-8E60-6BD963937C82}.Debug|Any CPU.Build.0 = Debug|Any CPU
		{D0A84F3D-4065-471F-8E60-6BD963937C82}.Debug|Any CPU.Deploy.0 = Debug|Any CPU
		{D0A84F3D-4065-471F-8E60-6BD963937C82}.Debug|iPhone.ActiveCfg = Debug|Any CPU
		{D0A84F3D-4065-471F-8E60-6BD963937C82}.Debug|iPhone.Build.0 = Debug|Any CPU
		{D0A84F3D-4065-471F-8E60-6BD963937C82}.Debug|iPhone.Deploy.0 = Debug|Any CPU
		{D0A84F3D-4065-471F-8E60-6BD963937C82}.Debug|iPhoneSimulator.ActiveCfg = Debug|Any CPU
		{D0A84F3D-4065-471F-8E60-6BD963937C82}.Debug|iPhoneSimulator.Build.0 = Debug|Any CPU
		{D0A84F3D-4065-471F-8E60-6BD963937C82}.Debug|iPhoneSimulator.Deploy.0 = Debug|Any CPU
		{D0A84F3D-4065-471F-8E60-6BD963937C82}.Release|Any CPU.ActiveCfg = Release|Any CPU
		{D0A84F3D-4065-471F-8E60-6BD963937C82}.Release|Any CPU.Build.0 = Release|Any CPU
		{D0A84F3D-4065-471F-8E60-6BD963937C82}.Release|Any CPU.Deploy.0 = Release|Any CPU
		{D0A84F3D-4065-471F-8E60-6BD963937C82}.Release|iPhone.ActiveCfg = Release|Any CPU
		{D0A84F3D-4065-471F-8E60-6BD963937C82}.Release|iPhone.Build.0 = Release|Any CPU
		{D0A84F3D-4065-471F-8E60-6BD963937C82}.Release|iPhone.Deploy.0 = Release|Any CPU
		{D0A84F3D-4065-471F-8E60-6BD963937C82}.Release|iPhoneSimulator.ActiveCfg = Release|Any CPU
		{D0A84F3D-4065-471F-8E60-6BD963937C82}.Release|iPhoneSimulator.Build.0 = Release|Any CPU
		{D0A84F3D-4065-471F-8E60-6BD963937C82}.Release|iPhoneSimulator.Deploy.0 = Release|Any CPU
	EndGlobalSection
	GlobalSection(SolutionProperties) = preSolution
		HideSolutionNode = FALSE
	EndGlobalSection
	GlobalSection(ExtensibilityGlobals) = postSolution
		SolutionGuid = {A4ABB850-9F85-48E9-855E-54FF22C35F8B}
	EndGlobalSection
EndGlobal
